
Microsoft Visual Studio Solution File, Format Version 12.00
# Visual Studio 15
VisualStudioVersion = 15.0.28307.1300
MinimumVisualStudioVersion = 10.0.40219.1
Project("{FAE04EC0-301F-11D3-BF4B-00C04F79EFBC}") = "Library Management System", "Library Management System\Library Management System.csproj", "{B837642D-9BD0-4AB7-A2BF-9F5B0224D84C}"
EndProject
Global
	GlobalSection(SolutionConfigurationPlatforms) = preSolution
		Debug|Any CPU = Debug|Any CPU
		Release|Any CPU = Release|Any CPU
	EndGlobalSection
	GlobalSection(ProjectConfigurationPlatforms) = postSolution
		{B837642D-9BD0-4AB7-A2BF-9F5B0224D84C}.Debug|Any CPU.ActiveCfg = Debug|Any CPU
		{B837642D-9BD0-4AB7-A2BF-9F5B0224D84C}.Debug|Any CPU.Build.0 = Debug|Any CPU
		{B837642D-9BD0-4AB7-A2BF-9F5B0224D84C}.Release|Any CPU.ActiveCfg = Release|Any CPU
		{B837642D-9BD0-4AB7-A2BF-9F5B0224D84C}.Release|Any CPU.Build.0 = Release|Any CPU
	EndGlobalSection
	GlobalSection(SolutionProperties) = preSolution
		HideSolutionNode = FALSE
	EndGlobalSection
	GlobalSection(ExtensibilityGlobals) = postSolution
		SolutionGuid = {439955CF-0936-4AFB-BE64-F33A3AD91D22}
	EndGlobalSection
EndGlobal
